// !$*UTF8*$!
{
	archiveVersion = 1;
	classes = {
	};
	objectVersion = 56;
	objects = {

/* Begin PBXBuildFile section */
		8B81C1472BC978ED00814F82 /* ErrorAlertModifier.swift in Sources */ = {isa = PBXBuildFile; fileRef = 8B81C1462BC978ED00814F82 /* ErrorAlertModifier.swift */; };
		8B81C1492BC97E9500814F82 /* UTType+XCodeDataModel.swift in Sources */ = {isa = PBXBuildFile; fileRef = 8B81C1482BC97E9500814F82 /* UTType+XCodeDataModel.swift */; };
		8B81C14B2BC97F0A00814F82 /* DataModelLoadingView.swift in Sources */ = {isa = PBXBuildFile; fileRef = 8B81C14A2BC97F0A00814F82 /* DataModelLoadingView.swift */; };
		8B98A5B72BC9274200B65C4C /* FilePickerView.swift in Sources */ = {isa = PBXBuildFile; fileRef = 8B98A5B62BC9274200B65C4C /* FilePickerView.swift */; };
		8BB312832BC4827F00471E0A /* SwiftDiagramApp.swift in Sources */ = {isa = PBXBuildFile; fileRef = 8BB312822BC4827F00471E0A /* SwiftDiagramApp.swift */; };
		8BB312872BC4828100471E0A /* Assets.xcassets in Resources */ = {isa = PBXBuildFile; fileRef = 8BB312862BC4828100471E0A /* Assets.xcassets */; };
		8BB3128B2BC4828100471E0A /* Preview Assets.xcassets in Resources */ = {isa = PBXBuildFile; fileRef = 8BB3128A2BC4828100471E0A /* Preview Assets.xcassets */; };
		8BB3129C2BC5E2FC00471E0A /* MoveableModifier.swift in Sources */ = {isa = PBXBuildFile; fileRef = 8BB3129B2BC5E2FC00471E0A /* MoveableModifier.swift */; };
		8BE51B952BC8541E00E6BF28 /* EntityView.swift in Sources */ = {isa = PBXBuildFile; fileRef = 8BE51B942BC8541E00E6BF28 /* EntityView.swift */; };
		8BE51B972BC85CE200E6BF28 /* Range+CustomStringConvertible.swift in Sources */ = {isa = PBXBuildFile; fileRef = 8BE51B962BC85CE200E6BF28 /* Range+CustomStringConvertible.swift */; };
		8BE51B9A2BC8616700E6BF28 /* EntityViewItem.swift in Sources */ = {isa = PBXBuildFile; fileRef = 8BE51B992BC8616700E6BF28 /* EntityViewItem.swift */; };
		8BE51BA02BC8637700E6BF28 /* Entity.swift in Sources */ = {isa = PBXBuildFile; fileRef = 8BE51B9F2BC8637700E6BF28 /* Entity.swift */; };
		8BF198972BCABC710072EA1F /* XcodeDataModelContent.swift in Sources */ = {isa = PBXBuildFile; fileRef = 8BF198962BCABC710072EA1F /* XcodeDataModelContent.swift */; };
		8BF198992BCAC9680072EA1F /* XcodeDataModelContentBuilder.swift in Sources */ = {isa = PBXBuildFile; fileRef = 8BF198982BCAC9680072EA1F /* XcodeDataModelContentBuilder.swift */; };
		8BF1989B2BCAEE7D0072EA1F /* AccordeonSection.swift in Sources */ = {isa = PBXBuildFile; fileRef = 8BF1989A2BCAEE7D0072EA1F /* AccordeonSection.swift */; };
		8BF1989D2BCB2BA10072EA1F /* program_preview_model in Resources */ = {isa = PBXBuildFile; fileRef = 8BF1989C2BCB2BA10072EA1F /* program_preview_model */; };
		8BF1989F2BCB2BE00072EA1F /* XcodeDataModelContent+Preview.swift in Sources */ = {isa = PBXBuildFile; fileRef = 8BF1989E2BCB2BE00072EA1F /* XcodeDataModelContent+Preview.swift */; };
		8BF198A12BCB2D500072EA1F /* XcodeDataModelView.swift in Sources */ = {isa = PBXBuildFile; fileRef = 8BF198A02BCB2D500072EA1F /* XcodeDataModelView.swift */; };
		8BF198A52BCB2FD20072EA1F /* LogicalDiagram.swift in Sources */ = {isa = PBXBuildFile; fileRef = 8BF198A42BCB2FD20072EA1F /* LogicalDiagram.swift */; };
/* End PBXBuildFile section */

/* Begin PBXFileReference section */
		8B81C1462BC978ED00814F82 /* ErrorAlertModifier.swift */ = {isa = PBXFileReference; lastKnownFileType = sourcecode.swift; path = ErrorAlertModifier.swift; sourceTree = "<group>"; };
		8B81C1482BC97E9500814F82 /* UTType+XCodeDataModel.swift */ = {isa = PBXFileReference; lastKnownFileType = sourcecode.swift; path = "UTType+XCodeDataModel.swift"; sourceTree = "<group>"; };
		8B81C14A2BC97F0A00814F82 /* DataModelLoadingView.swift */ = {isa = PBXFileReference; lastKnownFileType = sourcecode.swift; path = DataModelLoadingView.swift; sourceTree = "<group>"; };
		8B98A5B62BC9274200B65C4C /* FilePickerView.swift */ = {isa = PBXFileReference; lastKnownFileType = sourcecode.swift; path = FilePickerView.swift; sourceTree = "<group>"; };
		8BB3127F2BC4827F00471E0A /* SwiftDiagram.app */ = {isa = PBXFileReference; explicitFileType = wrapper.application; includeInIndex = 0; path = SwiftDiagram.app; sourceTree = BUILT_PRODUCTS_DIR; };
		8BB312822BC4827F00471E0A /* SwiftDiagramApp.swift */ = {isa = PBXFileReference; lastKnownFileType = sourcecode.swift; path = SwiftDiagramApp.swift; sourceTree = "<group>"; };
		8BB312862BC4828100471E0A /* Assets.xcassets */ = {isa = PBXFileReference; lastKnownFileType = folder.assetcatalog; path = Assets.xcassets; sourceTree = "<group>"; };
		8BB312882BC4828100471E0A /* SwiftDiagram.entitlements */ = {isa = PBXFileReference; lastKnownFileType = text.plist.entitlements; path = SwiftDiagram.entitlements; sourceTree = "<group>"; };
		8BB3128A2BC4828100471E0A /* Preview Assets.xcassets */ = {isa = PBXFileReference; lastKnownFileType = folder.assetcatalog; path = "Preview Assets.xcassets"; sourceTree = "<group>"; };
		8BB3129B2BC5E2FC00471E0A /* MoveableModifier.swift */ = {isa = PBXFileReference; lastKnownFileType = sourcecode.swift; path = MoveableModifier.swift; sourceTree = "<group>"; };
		8BE51B942BC8541E00E6BF28 /* EntityView.swift */ = {isa = PBXFileReference; lastKnownFileType = sourcecode.swift; path = EntityView.swift; sourceTree = "<group>"; };
		8BE51B962BC85CE200E6BF28 /* Range+CustomStringConvertible.swift */ = {isa = PBXFileReference; lastKnownFileType = sourcecode.swift; path = "Range+CustomStringConvertible.swift"; sourceTree = "<group>"; };
		8BE51B992BC8616700E6BF28 /* EntityViewItem.swift */ = {isa = PBXFileReference; lastKnownFileType = sourcecode.swift; path = EntityViewItem.swift; sourceTree = "<group>"; };
		8BE51B9F2BC8637700E6BF28 /* Entity.swift */ = {isa = PBXFileReference; lastKnownFileType = sourcecode.swift; path = Entity.swift; sourceTree = "<group>"; };
		8BF198962BCABC710072EA1F /* XcodeDataModelContent.swift */ = {isa = PBXFileReference; lastKnownFileType = sourcecode.swift; path = XcodeDataModelContent.swift; sourceTree = "<group>"; };
		8BF198982BCAC9680072EA1F /* XcodeDataModelContentBuilder.swift */ = {isa = PBXFileReference; lastKnownFileType = sourcecode.swift; path = XcodeDataModelContentBuilder.swift; sourceTree = "<group>"; };
		8BF1989A2BCAEE7D0072EA1F /* AccordeonSection.swift */ = {isa = PBXFileReference; lastKnownFileType = sourcecode.swift; path = AccordeonSection.swift; sourceTree = "<group>"; };
		8BF1989C2BCB2BA10072EA1F /* program_preview_model */ = {isa = PBXFileReference; fileEncoding = 4; lastKnownFileType = text.xml; path = program_preview_model; sourceTree = "<group>"; };
		8BF1989E2BCB2BE00072EA1F /* XcodeDataModelContent+Preview.swift */ = {isa = PBXFileReference; lastKnownFileType = sourcecode.swift; path = "XcodeDataModelContent+Preview.swift"; sourceTree = "<group>"; };
		8BF198A02BCB2D500072EA1F /* XcodeDataModelView.swift */ = {isa = PBXFileReference; lastKnownFileType = sourcecode.swift; path = XcodeDataModelView.swift; sourceTree = "<group>"; };
		8BF198A42BCB2FD20072EA1F /* LogicalDiagram.swift */ = {isa = PBXFileReference; lastKnownFileType = sourcecode.swift; path = LogicalDiagram.swift; sourceTree = "<group>"; };
		8BF198A62BCBE0570072EA1F /* wthealth_preview_model */ = {isa = PBXFileReference; lastKnownFileType = text.xml; path = wthealth_preview_model; sourceTree = "<group>"; };
/* End PBXFileReference section */

/* Begin PBXFrameworksBuildPhase section */
		8BB3127C2BC4827F00471E0A /* Frameworks */ = {
			isa = PBXFrameworksBuildPhase;
			buildActionMask = 2147483647;
			files = (
			);
			runOnlyForDeploymentPostprocessing = 0;
		};
/* End PBXFrameworksBuildPhase section */

/* Begin PBXGroup section */
		8BB312762BC4827F00471E0A = {
			isa = PBXGroup;
			children = (
				8BB312812BC4827F00471E0A /* SwiftDiagram */,
				8BB312802BC4827F00471E0A /* Products */,
			);
			sourceTree = "<group>";
		};
		8BB312802BC4827F00471E0A /* Products */ = {
			isa = PBXGroup;
			children = (
				8BB3127F2BC4827F00471E0A /* SwiftDiagram.app */,
			);
			name = Products;
			sourceTree = "<group>";
		};
		8BB312812BC4827F00471E0A /* SwiftDiagram */ = {
			isa = PBXGroup;
			children = (
				8BE51B9E2BC8636D00E6BF28 /* Model */,
				8BE51B9D2BC8635C00E6BF28 /* View */,
				8BB312822BC4827F00471E0A /* SwiftDiagramApp.swift */,
				8BB312862BC4828100471E0A /* Assets.xcassets */,
				8BB312882BC4828100471E0A /* SwiftDiagram.entitlements */,
				8BB312892BC4828100471E0A /* Preview Content */,
			);
			path = SwiftDiagram;
			sourceTree = "<group>";
		};
		8BB312892BC4828100471E0A /* Preview Content */ = {
			isa = PBXGroup;
			children = (
				8BF198A62BCBE0570072EA1F /* wthealth_preview_model */,
				8BF1989C2BCB2BA10072EA1F /* program_preview_model */,
				8BB3128A2BC4828100471E0A /* Preview Assets.xcassets */,
				8BF1989E2BCB2BE00072EA1F /* XcodeDataModelContent+Preview.swift */,
			);
			path = "Preview Content";
			sourceTree = "<group>";
		};
		8BE51B982BC8615A00E6BF28 /* EntityView */ = {
			isa = PBXGroup;
			children = (
				8BE51B942BC8541E00E6BF28 /* EntityView.swift */,
				8BE51B992BC8616700E6BF28 /* EntityViewItem.swift */,
				8BF1989A2BCAEE7D0072EA1F /* AccordeonSection.swift */,
			);
			path = EntityView;
			sourceTree = "<group>";
		};
		8BE51B9D2BC8635C00E6BF28 /* View */ = {
			isa = PBXGroup;
			children = (
				8BF198A22BCB2EB00072EA1F /* XcodeDataModelView */,
				8BF198A32BCB2F0C0072EA1F /* Graph */,
				8BE51B962BC85CE200E6BF28 /* Range+CustomStringConvertible.swift */,
				8B98A5B62BC9274200B65C4C /* FilePickerView.swift */,
				8B81C1462BC978ED00814F82 /* ErrorAlertModifier.swift */,
				8BB3129B2BC5E2FC00471E0A /* MoveableModifier.swift */,
				8B81C14A2BC97F0A00814F82 /* DataModelLoadingView.swift */,
			);
			path = View;
			sourceTree = "<group>";
		};
		8BE51B9E2BC8636D00E6BF28 /* Model */ = {
			isa = PBXGroup;
			children = (
				8B81C1482BC97E9500814F82 /* UTType+XCodeDataModel.swift */,
				8BE51B9F2BC8637700E6BF28 /* Entity.swift */,
				8BF198962BCABC710072EA1F /* XcodeDataModelContent.swift */,
				8BF198982BCAC9680072EA1F /* XcodeDataModelContentBuilder.swift */,
			);
			path = Model;
			sourceTree = "<group>";
		};
		8BF198A22BCB2EB00072EA1F /* XcodeDataModelView */ = {
			isa = PBXGroup;
			children = (
				8BE51B982BC8615A00E6BF28 /* EntityView */,
				8BF198A02BCB2D500072EA1F /* XcodeDataModelView.swift */,
			);
			path = XcodeDataModelView;
			sourceTree = "<group>";
		};
		8BF198A32BCB2F0C0072EA1F /* Graph */ = {
			isa = PBXGroup;
			children = (
				8BF198A42BCB2FD20072EA1F /* LogicalDiagram.swift */,
			);
			path = Graph;
			sourceTree = "<group>";
		};
/* End PBXGroup section */

/* Begin PBXNativeTarget section */
		8BB3127E2BC4827F00471E0A /* SwiftDiagram */ = {
			isa = PBXNativeTarget;
			buildConfigurationList = 8BB3128E2BC4828100471E0A /* Build configuration list for PBXNativeTarget "SwiftDiagram" */;
			buildPhases = (
				8BB3127B2BC4827F00471E0A /* Sources */,
				8BB3127C2BC4827F00471E0A /* Frameworks */,
				8BB3127D2BC4827F00471E0A /* Resources */,
			);
			buildRules = (
			);
			dependencies = (
			);
			name = SwiftDiagram;
			productName = SwiftDiagram;
			productReference = 8BB3127F2BC4827F00471E0A /* SwiftDiagram.app */;
			productType = "com.apple.product-type.application";
		};
/* End PBXNativeTarget section */

/* Begin PBXProject section */
		8BB312772BC4827F00471E0A /* Project object */ = {
			isa = PBXProject;
			attributes = {
				BuildIndependentTargetsInParallel = 1;
				LastSwiftUpdateCheck = 1530;
				LastUpgradeCheck = 1530;
				TargetAttributes = {
					8BB3127E2BC4827F00471E0A = {
						CreatedOnToolsVersion = 15.3;
					};
				};
			};
			buildConfigurationList = 8BB3127A2BC4827F00471E0A /* Build configuration list for PBXProject "SwiftDiagram" */;
			compatibilityVersion = "Xcode 14.0";
			developmentRegion = en;
			hasScannedForEncodings = 0;
			knownRegions = (
				en,
				Base,
			);
			mainGroup = 8BB312762BC4827F00471E0A;
			productRefGroup = 8BB312802BC4827F00471E0A /* Products */;
			projectDirPath = "";
			projectRoot = "";
			targets = (
				8BB3127E2BC4827F00471E0A /* SwiftDiagram */,
			);
		};
/* End PBXProject section */

/* Begin PBXResourcesBuildPhase section */
		8BB3127D2BC4827F00471E0A /* Resources */ = {
			isa = PBXResourcesBuildPhase;
			buildActionMask = 2147483647;
			files = (
				8BB3128B2BC4828100471E0A /* Preview Assets.xcassets in Resources */,
				8BB312872BC4828100471E0A /* Assets.xcassets in Resources */,
				8BF1989D2BCB2BA10072EA1F /* program_preview_model in Resources */,
			);
			runOnlyForDeploymentPostprocessing = 0;
		};
/* End PBXResourcesBuildPhase section */

/* Begin PBXSourcesBuildPhase section */
		8BB3127B2BC4827F00471E0A /* Sources */ = {
			isa = PBXSourcesBuildPhase;
			buildActionMask = 2147483647;
			files = (
				8BF198A52BCB2FD20072EA1F /* LogicalDiagram.swift in Sources */,
				8B81C14B2BC97F0A00814F82 /* DataModelLoadingView.swift in Sources */,
				8BF198A12BCB2D500072EA1F /* XcodeDataModelView.swift in Sources */,
				8BB312832BC4827F00471E0A /* SwiftDiagramApp.swift in Sources */,
				8BF1989B2BCAEE7D0072EA1F /* AccordeonSection.swift in Sources */,
				8BF1989F2BCB2BE00072EA1F /* XcodeDataModelContent+Preview.swift in Sources */,
				8BE51B952BC8541E00E6BF28 /* EntityView.swift in Sources */,
				8BE51B9A2BC8616700E6BF28 /* EntityViewItem.swift in Sources */,
				8BE51BA02BC8637700E6BF28 /* Entity.swift in Sources */,
				8BF198972BCABC710072EA1F /* XcodeDataModelContent.swift in Sources */,
				8B98A5B72BC9274200B65C4C /* FilePickerView.swift in Sources */,
				8BE51B972BC85CE200E6BF28 /* Range+CustomStringConvertible.swift in Sources */,
				8BB3129C2BC5E2FC00471E0A /* MoveableModifier.swift in Sources */,
				8B81C1492BC97E9500814F82 /* UTType+XCodeDataModel.swift in Sources */,
				8B81C1472BC978ED00814F82 /* ErrorAlertModifier.swift in Sources */,
				8BF198992BCAC9680072EA1F /* XcodeDataModelContentBuilder.swift in Sources */,
			);
			runOnlyForDeploymentPostprocessing = 0;
		};
/* End PBXSourcesBuildPhase section */

/* Begin XCBuildConfiguration section */
		8BB3128C2BC4828100471E0A /* Debug */ = {
			isa = XCBuildConfiguration;
			buildSettings = {
				ALWAYS_SEARCH_USER_PATHS = NO;
				ASSETCATALOG_COMPILER_GENERATE_SWIFT_ASSET_SYMBOL_EXTENSIONS = YES;
				CLANG_ANALYZER_NONNULL = YES;
				CLANG_ANALYZER_NUMBER_OBJECT_CONVERSION = YES_AGGRESSIVE;
				CLANG_CXX_LANGUAGE_STANDARD = "gnu++20";
				CLANG_ENABLE_MODULES = YES;
				CLANG_ENABLE_OBJC_ARC = YES;
				CLANG_ENABLE_OBJC_WEAK = YES;
				CLANG_WARN_BLOCK_CAPTURE_AUTORELEASING = YES;
				CLANG_WARN_BOOL_CONVERSION = YES;
				CLANG_WARN_COMMA = YES;
				CLANG_WARN_CONSTANT_CONVERSION = YES;
				CLANG_WARN_DEPRECATED_OBJC_IMPLEMENTATIONS = YES;
				CLANG_WARN_DIRECT_OBJC_ISA_USAGE = YES_ERROR;
				CLANG_WARN_DOCUMENTATION_COMMENTS = YES;
				CLANG_WARN_EMPTY_BODY = YES;
				CLANG_WARN_ENUM_CONVERSION = YES;
				CLANG_WARN_INFINITE_RECURSION = YES;
				CLANG_WARN_INT_CONVERSION = YES;
				CLANG_WARN_NON_LITERAL_NULL_CONVERSION = YES;
				CLANG_WARN_OBJC_IMPLICIT_RETAIN_SELF = YES;
				CLANG_WARN_OBJC_LITERAL_CONVERSION = YES;
				CLANG_WARN_OBJC_ROOT_CLASS = YES_ERROR;
				CLANG_WARN_QUOTED_INCLUDE_IN_FRAMEWORK_HEADER = YES;
				CLANG_WARN_RANGE_LOOP_ANALYSIS = YES;
				CLANG_WARN_STRICT_PROTOTYPES = YES;
				CLANG_WARN_SUSPICIOUS_MOVE = YES;
				CLANG_WARN_UNGUARDED_AVAILABILITY = YES_AGGRESSIVE;
				CLANG_WARN_UNREACHABLE_CODE = YES;
				CLANG_WARN__DUPLICATE_METHOD_MATCH = YES;
				COPY_PHASE_STRIP = NO;
				DEBUG_INFORMATION_FORMAT = dwarf;
				ENABLE_STRICT_OBJC_MSGSEND = YES;
				ENABLE_TESTABILITY = YES;
				ENABLE_USER_SCRIPT_SANDBOXING = YES;
				GCC_C_LANGUAGE_STANDARD = gnu17;
				GCC_DYNAMIC_NO_PIC = NO;
				GCC_NO_COMMON_BLOCKS = YES;
				GCC_OPTIMIZATION_LEVEL = 0;
				GCC_PREPROCESSOR_DEFINITIONS = (
					"DEBUG=1",
					"$(inherited)",
				);
				GCC_WARN_64_TO_32_BIT_CONVERSION = YES;
				GCC_WARN_ABOUT_RETURN_TYPE = YES_ERROR;
				GCC_WARN_UNDECLARED_SELECTOR = YES;
				GCC_WARN_UNINITIALIZED_AUTOS = YES_AGGRESSIVE;
				GCC_WARN_UNUSED_FUNCTION = YES;
				GCC_WARN_UNUSED_VARIABLE = YES;
				LOCALIZATION_PREFERS_STRING_CATALOGS = YES;
				MTL_ENABLE_DEBUG_INFO = INCLUDE_SOURCE;
				MTL_FAST_MATH = YES;
				ONLY_ACTIVE_ARCH = YES;
				SWIFT_ACTIVE_COMPILATION_CONDITIONS = "DEBUG $(inherited)";
				SWIFT_OPTIMIZATION_LEVEL = "-Onone";
			};
			name = Debug;
		};
		8BB3128D2BC4828100471E0A /* Release */ = {
			isa = XCBuildConfiguration;
			buildSettings = {
				ALWAYS_SEARCH_USER_PATHS = NO;
				ASSETCATALOG_COMPILER_GENERATE_SWIFT_ASSET_SYMBOL_EXTENSIONS = YES;
				CLANG_ANALYZER_NONNULL = YES;
				CLANG_ANALYZER_NUMBER_OBJECT_CONVERSION = YES_AGGRESSIVE;
				CLANG_CXX_LANGUAGE_STANDARD = "gnu++20";
				CLANG_ENABLE_MODULES = YES;
				CLANG_ENABLE_OBJC_ARC = YES;
				CLANG_ENABLE_OBJC_WEAK = YES;
				CLANG_WARN_BLOCK_CAPTURE_AUTORELEASING = YES;
				CLANG_WARN_BOOL_CONVERSION = YES;
				CLANG_WARN_COMMA = YES;
				CLANG_WARN_CONSTANT_CONVERSION = YES;
				CLANG_WARN_DEPRECATED_OBJC_IMPLEMENTATIONS = YES;
				CLANG_WARN_DIRECT_OBJC_ISA_USAGE = YES_ERROR;
				CLANG_WARN_DOCUMENTATION_COMMENTS = YES;
				CLANG_WARN_EMPTY_BODY = YES;
				CLANG_WARN_ENUM_CONVERSION = YES;
				CLANG_WARN_INFINITE_RECURSION = YES;
				CLANG_WARN_INT_CONVERSION = YES;
				CLANG_WARN_NON_LITERAL_NULL_CONVERSION = YES;
				CLANG_WARN_OBJC_IMPLICIT_RETAIN_SELF = YES;
				CLANG_WARN_OBJC_LITERAL_CONVERSION = YES;
				CLANG_WARN_OBJC_ROOT_CLASS = YES_ERROR;
				CLANG_WARN_QUOTED_INCLUDE_IN_FRAMEWORK_HEADER = YES;
				CLANG_WARN_RANGE_LOOP_ANALYSIS = YES;
				CLANG_WARN_STRICT_PROTOTYPES = YES;
				CLANG_WARN_SUSPICIOUS_MOVE = YES;
				CLANG_WARN_UNGUARDED_AVAILABILITY = YES_AGGRESSIVE;
				CLANG_WARN_UNREACHABLE_CODE = YES;
				CLANG_WARN__DUPLICATE_METHOD_MATCH = YES;
				COPY_PHASE_STRIP = NO;
				DEBUG_INFORMATION_FORMAT = "dwarf-with-dsym";
				ENABLE_NS_ASSERTIONS = NO;
				ENABLE_STRICT_OBJC_MSGSEND = YES;
				ENABLE_USER_SCRIPT_SANDBOXING = YES;
				GCC_C_LANGUAGE_STANDARD = gnu17;
				GCC_NO_COMMON_BLOCKS = YES;
				GCC_WARN_64_TO_32_BIT_CONVERSION = YES;
				GCC_WARN_ABOUT_RETURN_TYPE = YES_ERROR;
				GCC_WARN_UNDECLARED_SELECTOR = YES;
				GCC_WARN_UNINITIALIZED_AUTOS = YES_AGGRESSIVE;
				GCC_WARN_UNUSED_FUNCTION = YES;
				GCC_WARN_UNUSED_VARIABLE = YES;
				LOCALIZATION_PREFERS_STRING_CATALOGS = YES;
				MTL_ENABLE_DEBUG_INFO = NO;
				MTL_FAST_MATH = YES;
				SWIFT_COMPILATION_MODE = wholemodule;
			};
			name = Release;
		};
		8BB3128F2BC4828100471E0A /* Debug */ = {
			isa = XCBuildConfiguration;
			buildSettings = {
				ASSETCATALOG_COMPILER_APPICON_NAME = AppIcon;
				ASSETCATALOG_COMPILER_GLOBAL_ACCENT_COLOR_NAME = AccentColor;
				CODE_SIGN_ENTITLEMENTS = SwiftDiagram/SwiftDiagram.entitlements;
				CODE_SIGN_STYLE = Automatic;
				CURRENT_PROJECT_VERSION = 1;
				DEVELOPMENT_ASSET_PATHS = "\"SwiftDiagram/Preview Content\"";
				DEVELOPMENT_TEAM = 74FN7S67RS;
				ENABLE_HARDENED_RUNTIME = YES;
				ENABLE_PREVIEWS = YES;
				GENERATE_INFOPLIST_FILE = YES;
				"INFOPLIST_KEY_UIApplicationSceneManifest_Generation[sdk=iphoneos*]" = YES;
				"INFOPLIST_KEY_UIApplicationSceneManifest_Generation[sdk=iphonesimulator*]" = YES;
				"INFOPLIST_KEY_UIApplicationSupportsIndirectInputEvents[sdk=iphoneos*]" = YES;
				"INFOPLIST_KEY_UIApplicationSupportsIndirectInputEvents[sdk=iphonesimulator*]" = YES;
				"INFOPLIST_KEY_UILaunchScreen_Generation[sdk=iphoneos*]" = YES;
				"INFOPLIST_KEY_UILaunchScreen_Generation[sdk=iphonesimulator*]" = YES;
				"INFOPLIST_KEY_UIStatusBarStyle[sdk=iphoneos*]" = UIStatusBarStyleDefault;
				"INFOPLIST_KEY_UIStatusBarStyle[sdk=iphonesimulator*]" = UIStatusBarStyleDefault;
				INFOPLIST_KEY_UISupportedInterfaceOrientations_iPad = "UIInterfaceOrientationPortrait UIInterfaceOrientationPortraitUpsideDown UIInterfaceOrientationLandscapeLeft UIInterfaceOrientationLandscapeRight";
				INFOPLIST_KEY_UISupportedInterfaceOrientations_iPhone = "UIInterfaceOrientationPortrait UIInterfaceOrientationLandscapeLeft UIInterfaceOrientationLandscapeRight";
				IPHONEOS_DEPLOYMENT_TARGET = 17.4;
				LD_RUNPATH_SEARCH_PATHS = "@executable_path/Frameworks";
				"LD_RUNPATH_SEARCH_PATHS[sdk=macosx*]" = "@executable_path/../Frameworks";
				MACOSX_DEPLOYMENT_TARGET = 14.3;
				MARKETING_VERSION = 1.0;
				PRODUCT_BUNDLE_IDENTIFIER = com.piergabory.SwiftDiagram;
				PRODUCT_NAME = "$(TARGET_NAME)";
				SDKROOT = auto;
				SUPPORTED_PLATFORMS = "iphoneos iphonesimulator macosx";
				SWIFT_EMIT_LOC_STRINGS = YES;
				SWIFT_VERSION = 5.0;
				TARGETED_DEVICE_FAMILY = "1,2";
			};
			name = Debug;
		};
		8BB312902BC4828100471E0A /* Release */ = {
			isa = XCBuildConfiguration;
			buildSettings = {
				ASSETCATALOG_COMPILER_APPICON_NAME = AppIcon;
				ASSETCATALOG_COMPILER_GLOBAL_ACCENT_COLOR_NAME = AccentColor;
				CODE_SIGN_ENTITLEMENTS = SwiftDiagram/SwiftDiagram.entitlements;
				CODE_SIGN_STYLE = Automatic;
				CURRENT_PROJECT_VERSION = 1;
				DEVELOPMENT_ASSET_PATHS = "\"SwiftDiagram/Preview Content\"";
				DEVELOPMENT_TEAM = 74FN7S67RS;
				ENABLE_HARDENED_RUNTIME = YES;
				ENABLE_PREVIEWS = YES;
				GENERATE_INFOPLIST_FILE = YES;
				"INFOPLIST_KEY_UIApplicationSceneManifest_Generation[sdk=iphoneos*]" = YES;
				"INFOPLIST_KEY_UIApplicationSceneManifest_Generation[sdk=iphonesimulator*]" = YES;
				"INFOPLIST_KEY_UIApplicationSupportsIndirectInputEvents[sdk=iphoneos*]" = YES;
				"INFOPLIST_KEY_UIApplicationSupportsIndirectInputEvents[sdk=iphonesimulator*]" = YES;
				"INFOPLIST_KEY_UILaunchScreen_Generation[sdk=iphoneos*]" = YES;
				"INFOPLIST_KEY_UILaunchScreen_Generation[sdk=iphonesimulator*]" = YES;
				"INFOPLIST_KEY_UIStatusBarStyle[sdk=iphoneos*]" = UIStatusBarStyleDefault;
				"INFOPLIST_KEY_UIStatusBarStyle[sdk=iphonesimulator*]" = UIStatusBarStyleDefault;
				INFOPLIST_KEY_UISupportedInterfaceOrientations_iPad = "UIInterfaceOrientationPortrait UIInterfaceOrientationPortraitUpsideDown UIInterfaceOrientationLandscapeLeft UIInterfaceOrientationLandscapeRight";
				INFOPLIST_KEY_UISupportedInterfaceOrientations_iPhone = "UIInterfaceOrientationPortrait UIInterfaceOrientationLandscapeLeft UIInterfaceOrientationLandscapeRight";
				IPHONEOS_DEPLOYMENT_TARGET = 17.4;
				LD_RUNPATH_SEARCH_PATHS = "@executable_path/Frameworks";
				"LD_RUNPATH_SEARCH_PATHS[sdk=macosx*]" = "@executable_path/../Frameworks";
				MACOSX_DEPLOYMENT_TARGET = 14.3;
				MARKETING_VERSION = 1.0;
				PRODUCT_BUNDLE_IDENTIFIER = com.piergabory.SwiftDiagram;
				PRODUCT_NAME = "$(TARGET_NAME)";
				SDKROOT = auto;
				SUPPORTED_PLATFORMS = "iphoneos iphonesimulator macosx";
				SWIFT_EMIT_LOC_STRINGS = YES;
				SWIFT_VERSION = 5.0;
				TARGETED_DEVICE_FAMILY = "1,2";
			};
			name = Release;
		};
/* End XCBuildConfiguration section */

/* Begin XCConfigurationList section */
		8BB3127A2BC4827F00471E0A /* Build configuration list for PBXProject "SwiftDiagram" */ = {
			isa = XCConfigurationList;
			buildConfigurations = (
				8BB3128C2BC4828100471E0A /* Debug */,
				8BB3128D2BC4828100471E0A /* Release */,
			);
			defaultConfigurationIsVisible = 0;
			defaultConfigurationName = Release;
		};
		8BB3128E2BC4828100471E0A /* Build configuration list for PBXNativeTarget "SwiftDiagram" */ = {
			isa = XCConfigurationList;
			buildConfigurations = (
				8BB3128F2BC4828100471E0A /* Debug */,
				8BB312902BC4828100471E0A /* Release */,
			);
			defaultConfigurationIsVisible = 0;
			defaultConfigurationName = Release;
		};
/* End XCConfigurationList section */
	};
	rootObject = 8BB312772BC4827F00471E0A /* Project object */;
}
