// !$*UTF8*$!
{
	archiveVersion = 1;
	classes = {
	};
	objectVersion = 56;
	objects = {

/* Begin PBXBuildFile section */
		8B130B382BCF070100A06251 /* CoreDataPreviewApp.swift in Sources */ = {isa = PBXBuildFile; fileRef = 8B130B372BCF070100A06251 /* CoreDataPreviewApp.swift */; };
		8B130B3C2BCF070100A06251 /* VersionBrowser.swift in Sources */ = {isa = PBXBuildFile; fileRef = 8B130B3B2BCF070100A06251 /* VersionBrowser.swift */; };
		8B130B3E2BCF070200A06251 /* Assets.xcassets in Resources */ = {isa = PBXBuildFile; fileRef = 8B130B3D2BCF070200A06251 /* Assets.xcassets */; };
		8B130B412BCF070200A06251 /* Preview Assets.xcassets in Resources */ = {isa = PBXBuildFile; fileRef = 8B130B402BCF070200A06251 /* Preview Assets.xcassets */; };
		8B130B492BCF1BEA00A06251 /* XcodeDataModelPackage.swift in Sources */ = {isa = PBXBuildFile; fileRef = 8B130B482BCF1BEA00A06251 /* XcodeDataModelPackage.swift */; };
		8B130B4D2BCF1D5100A06251 /* XcodeDataModelPackage+Preview.swift in Sources */ = {isa = PBXBuildFile; fileRef = 8B130B4C2BCF1D5100A06251 /* XcodeDataModelPackage+Preview.swift */; };
		8B58E4532BDEBF9200484B41 /* ForestLayout.swift in Sources */ = {isa = PBXBuildFile; fileRef = 8B58E4522BDEBF9200484B41 /* ForestLayout.swift */; };
		8B58E4552BDEC86100484B41 /* EntityLayout.swift in Sources */ = {isa = PBXBuildFile; fileRef = 8B58E4542BDEC86100484B41 /* EntityLayout.swift */; };
		8B58E4572BDECEBC00484B41 /* WheelArrangement.swift in Sources */ = {isa = PBXBuildFile; fileRef = 8B58E4562BDECEBC00484B41 /* WheelArrangement.swift */; };
		8B58E4592BDED8C400484B41 /* MoveableModifier.swift in Sources */ = {isa = PBXBuildFile; fileRef = 8B58E4582BDED8C400484B41 /* MoveableModifier.swift */; };
		8B8F57FD2BD6EE3000A1B4DB /* XMLElementView.swift in Sources */ = {isa = PBXBuildFile; fileRef = 8B8F57FC2BD6EE3000A1B4DB /* XMLElementView.swift */; };
		8B8F58092BD6F02C00A1B4DB /* OrthogonalLogicalPathShape.swift in Sources */ = {isa = PBXBuildFile; fileRef = 8B8F58022BD6F02C00A1B4DB /* OrthogonalLogicalPathShape.swift */; };
		8B8F580A2BD6F02C00A1B4DB /* LogicalPathShape.swift in Sources */ = {isa = PBXBuildFile; fileRef = 8B8F58032BD6F02C00A1B4DB /* LogicalPathShape.swift */; };
		8B8F580B2BD6F02C00A1B4DB /* LogicalDiagram.swift in Sources */ = {isa = PBXBuildFile; fileRef = 8B8F57FF2BD6F02C00A1B4DB /* LogicalDiagram.swift */; };
		8B8F580C2BD6F02C00A1B4DB /* DirectionnalEdgeConnectionStrategy.swift in Sources */ = {isa = PBXBuildFile; fileRef = 8B8F58062BD6F02C00A1B4DB /* DirectionnalEdgeConnectionStrategy.swift */; };
		8B8F580D2BD6F02C00A1B4DB /* FacingEdgesConnectionStrategy.swift in Sources */ = {isa = PBXBuildFile; fileRef = 8B8F58082BD6F02C00A1B4DB /* FacingEdgesConnectionStrategy.swift */; };
		8B8F580E2BD6F02C00A1B4DB /* ClosestEdgeConnectionStrategy.swift in Sources */ = {isa = PBXBuildFile; fileRef = 8B8F58072BD6F02C00A1B4DB /* ClosestEdgeConnectionStrategy.swift */; };
		8B8F580F2BD6F02C00A1B4DB /* BoxConnectionStrategy.swift in Sources */ = {isa = PBXBuildFile; fileRef = 8B8F58052BD6F02C00A1B4DB /* BoxConnectionStrategy.swift */; };
		8B8F58102BD6F02C00A1B4DB /* ShortestLogicalPathShape.swift in Sources */ = {isa = PBXBuildFile; fileRef = 8B8F58012BD6F02C00A1B4DB /* ShortestLogicalPathShape.swift */; };
		8B8F58132BD6F0A600A1B4DB /* CGRect+midpoint.swift in Sources */ = {isa = PBXBuildFile; fileRef = 8B8F58122BD6F0A600A1B4DB /* CGRect+midpoint.swift */; };
		8B978F402BD5680600E22E13 /* XMLInspectorView.swift in Sources */ = {isa = PBXBuildFile; fileRef = 8B978F3F2BD5680600E22E13 /* XMLInspectorView.swift */; };
		8B978F432BD5687800E22E13 /* XMLDocument+Preview.swift in Sources */ = {isa = PBXBuildFile; fileRef = 8B978F422BD5687800E22E13 /* XMLDocument+Preview.swift */; };
		8B978F442BD5697500E22E13 /* wthealth_preview_model in Resources */ = {isa = PBXBuildFile; fileRef = 8B978F412BD5686900E22E13 /* wthealth_preview_model */; };
		8B978F472BD5741300E22E13 /* ObjectOfInterest.swift in Sources */ = {isa = PBXBuildFile; fileRef = 8B978F462BD5741300E22E13 /* ObjectOfInterest.swift */; };
		8B978F492BD5A72400E22E13 /* XcodeDataModelView.swift in Sources */ = {isa = PBXBuildFile; fileRef = 8B978F482BD5A72400E22E13 /* XcodeDataModelView.swift */; };
		8B978F4B2BD5A94A00E22E13 /* XcodeDataModelPackageView.swift in Sources */ = {isa = PBXBuildFile; fileRef = 8B978F4A2BD5A94A00E22E13 /* XcodeDataModelPackageView.swift */; };
/* End PBXBuildFile section */

/* Begin PBXFileReference section */
		8B130B352BCF070100A06251 /* CoreDataPreview.app */ = {isa = PBXFileReference; explicitFileType = wrapper.application; includeInIndex = 0; path = CoreDataPreview.app; sourceTree = BUILT_PRODUCTS_DIR; };
		8B130B372BCF070100A06251 /* CoreDataPreviewApp.swift */ = {isa = PBXFileReference; lastKnownFileType = sourcecode.swift; path = CoreDataPreviewApp.swift; sourceTree = "<group>"; };
		8B130B3B2BCF070100A06251 /* VersionBrowser.swift */ = {isa = PBXFileReference; lastKnownFileType = sourcecode.swift; path = VersionBrowser.swift; sourceTree = "<group>"; };
		8B130B3D2BCF070200A06251 /* Assets.xcassets */ = {isa = PBXFileReference; lastKnownFileType = folder.assetcatalog; path = Assets.xcassets; sourceTree = "<group>"; };
		8B130B402BCF070200A06251 /* Preview Assets.xcassets */ = {isa = PBXFileReference; lastKnownFileType = folder.assetcatalog; path = "Preview Assets.xcassets"; sourceTree = "<group>"; };
		8B130B422BCF070200A06251 /* Info.plist */ = {isa = PBXFileReference; lastKnownFileType = text.plist.xml; path = Info.plist; sourceTree = "<group>"; };
		8B130B472BCF075100A06251 /* WTHealth.xcdatamodel */ = {isa = PBXFileReference; lastKnownFileType = wrapper.xcdatamodel; path = WTHealth.xcdatamodel; sourceTree = "<group>"; };
		8B130B482BCF1BEA00A06251 /* XcodeDataModelPackage.swift */ = {isa = PBXFileReference; lastKnownFileType = sourcecode.swift; path = XcodeDataModelPackage.swift; sourceTree = "<group>"; };
		8B130B4C2BCF1D5100A06251 /* XcodeDataModelPackage+Preview.swift */ = {isa = PBXFileReference; lastKnownFileType = sourcecode.swift; path = "XcodeDataModelPackage+Preview.swift"; sourceTree = "<group>"; };
		8B58E4522BDEBF9200484B41 /* ForestLayout.swift */ = {isa = PBXFileReference; lastKnownFileType = sourcecode.swift; path = ForestLayout.swift; sourceTree = "<group>"; };
		8B58E4542BDEC86100484B41 /* EntityLayout.swift */ = {isa = PBXFileReference; lastKnownFileType = sourcecode.swift; path = EntityLayout.swift; sourceTree = "<group>"; };
		8B58E4562BDECEBC00484B41 /* WheelArrangement.swift */ = {isa = PBXFileReference; lastKnownFileType = sourcecode.swift; path = WheelArrangement.swift; sourceTree = "<group>"; };
		8B58E4582BDED8C400484B41 /* MoveableModifier.swift */ = {isa = PBXFileReference; lastKnownFileType = sourcecode.swift; path = MoveableModifier.swift; sourceTree = "<group>"; };
		8B8F57FC2BD6EE3000A1B4DB /* XMLElementView.swift */ = {isa = PBXFileReference; lastKnownFileType = sourcecode.swift; path = XMLElementView.swift; sourceTree = "<group>"; };
		8B8F57FF2BD6F02C00A1B4DB /* LogicalDiagram.swift */ = {isa = PBXFileReference; lastKnownFileType = sourcecode.swift; path = LogicalDiagram.swift; sourceTree = "<group>"; };
		8B8F58012BD6F02C00A1B4DB /* ShortestLogicalPathShape.swift */ = {isa = PBXFileReference; lastKnownFileType = sourcecode.swift; path = ShortestLogicalPathShape.swift; sourceTree = "<group>"; };
		8B8F58022BD6F02C00A1B4DB /* OrthogonalLogicalPathShape.swift */ = {isa = PBXFileReference; lastKnownFileType = sourcecode.swift; path = OrthogonalLogicalPathShape.swift; sourceTree = "<group>"; };
		8B8F58032BD6F02C00A1B4DB /* LogicalPathShape.swift */ = {isa = PBXFileReference; lastKnownFileType = sourcecode.swift; path = LogicalPathShape.swift; sourceTree = "<group>"; };
		8B8F58052BD6F02C00A1B4DB /* BoxConnectionStrategy.swift */ = {isa = PBXFileReference; lastKnownFileType = sourcecode.swift; path = BoxConnectionStrategy.swift; sourceTree = "<group>"; };
		8B8F58062BD6F02C00A1B4DB /* DirectionnalEdgeConnectionStrategy.swift */ = {isa = PBXFileReference; lastKnownFileType = sourcecode.swift; path = DirectionnalEdgeConnectionStrategy.swift; sourceTree = "<group>"; };
		8B8F58072BD6F02C00A1B4DB /* ClosestEdgeConnectionStrategy.swift */ = {isa = PBXFileReference; lastKnownFileType = sourcecode.swift; path = ClosestEdgeConnectionStrategy.swift; sourceTree = "<group>"; };
		8B8F58082BD6F02C00A1B4DB /* FacingEdgesConnectionStrategy.swift */ = {isa = PBXFileReference; lastKnownFileType = sourcecode.swift; path = FacingEdgesConnectionStrategy.swift; sourceTree = "<group>"; };
		8B8F58122BD6F0A600A1B4DB /* CGRect+midpoint.swift */ = {isa = PBXFileReference; lastKnownFileType = sourcecode.swift; path = "CGRect+midpoint.swift"; sourceTree = "<group>"; };
		8B978F3F2BD5680600E22E13 /* XMLInspectorView.swift */ = {isa = PBXFileReference; lastKnownFileType = sourcecode.swift; path = XMLInspectorView.swift; sourceTree = "<group>"; };
		8B978F412BD5686900E22E13 /* wthealth_preview_model */ = {isa = PBXFileReference; lastKnownFileType = text.xml; path = wthealth_preview_model; sourceTree = "<group>"; };
		8B978F422BD5687800E22E13 /* XMLDocument+Preview.swift */ = {isa = PBXFileReference; lastKnownFileType = sourcecode.swift; path = "XMLDocument+Preview.swift"; sourceTree = "<group>"; };
		8B978F462BD5741300E22E13 /* ObjectOfInterest.swift */ = {isa = PBXFileReference; lastKnownFileType = sourcecode.swift; path = ObjectOfInterest.swift; sourceTree = "<group>"; };
		8B978F482BD5A72400E22E13 /* XcodeDataModelView.swift */ = {isa = PBXFileReference; lastKnownFileType = sourcecode.swift; path = XcodeDataModelView.swift; sourceTree = "<group>"; };
		8B978F4A2BD5A94A00E22E13 /* XcodeDataModelPackageView.swift */ = {isa = PBXFileReference; lastKnownFileType = sourcecode.swift; path = XcodeDataModelPackageView.swift; sourceTree = "<group>"; };
/* End PBXFileReference section */

/* Begin PBXFrameworksBuildPhase section */
		8B130B322BCF070100A06251 /* Frameworks */ = {
			isa = PBXFrameworksBuildPhase;
			buildActionMask = 2147483647;
			files = (
			);
			runOnlyForDeploymentPostprocessing = 0;
		};
/* End PBXFrameworksBuildPhase section */

/* Begin PBXGroup section */
		8B130B362BCF070100A06251 /* CoreDataPreview */ = {
			isa = PBXGroup;
			children = (
				8B130B372BCF070100A06251 /* CoreDataPreviewApp.swift */,
				8B130B4A2BCF1C8B00A06251 /* Model */,
				8B130B4B2BCF1C9700A06251 /* View */,
				8B130B3D2BCF070200A06251 /* Assets.xcassets */,
				8B130B422BCF070200A06251 /* Info.plist */,
				8B130B3F2BCF070200A06251 /* Preview Content */,
			);
			path = CoreDataPreview;
			sourceTree = "<group>";
		};
		8B130B3F2BCF070200A06251 /* Preview Content */ = {
			isa = PBXGroup;
			children = (
				8B978F412BD5686900E22E13 /* wthealth_preview_model */,
				8B130B462BCF075100A06251 /* WTHealth.xcdatamodeld */,
				8B130B402BCF070200A06251 /* Preview Assets.xcassets */,
				8B130B4C2BCF1D5100A06251 /* XcodeDataModelPackage+Preview.swift */,
				8B978F422BD5687800E22E13 /* XMLDocument+Preview.swift */,
			);
			path = "Preview Content";
			sourceTree = "<group>";
		};
		8B130B4A2BCF1C8B00A06251 /* Model */ = {
			isa = PBXGroup;
			children = (
				8B130B482BCF1BEA00A06251 /* XcodeDataModelPackage.swift */,
				8B978F462BD5741300E22E13 /* ObjectOfInterest.swift */,
			);
			path = Model;
			sourceTree = "<group>";
		};
		8B130B4B2BCF1C9700A06251 /* View */ = {
			isa = PBXGroup;
			children = (
				8B58E4512BDEBF8200484B41 /* GraphLayout */,
				8B8F58112BD6F0A600A1B4DB /* Helper */,
				8B8F57FE2BD6F02C00A1B4DB /* LogicalDiagram */,
				8B978F4A2BD5A94A00E22E13 /* XcodeDataModelPackageView.swift */,
				8B130B3B2BCF070100A06251 /* VersionBrowser.swift */,
				8B978F482BD5A72400E22E13 /* XcodeDataModelView.swift */,
				8B58E4542BDEC86100484B41 /* EntityLayout.swift */,
				8B8F57FC2BD6EE3000A1B4DB /* XMLElementView.swift */,
				8B978F3F2BD5680600E22E13 /* XMLInspectorView.swift */,
				8B58E4582BDED8C400484B41 /* MoveableModifier.swift */,
			);
			path = View;
			sourceTree = "<group>";
		};
		8B58E4512BDEBF8200484B41 /* GraphLayout */ = {
			isa = PBXGroup;
			children = (
				8B58E4522BDEBF9200484B41 /* ForestLayout.swift */,
				8B58E4562BDECEBC00484B41 /* WheelArrangement.swift */,
			);
			path = GraphLayout;
			sourceTree = "<group>";
		};
		8B8F57FE2BD6F02C00A1B4DB /* LogicalDiagram */ = {
			isa = PBXGroup;
			children = (
				8B8F57FF2BD6F02C00A1B4DB /* LogicalDiagram.swift */,
				8B8F58002BD6F02C00A1B4DB /* LogicalPathShape */,
			);
			path = LogicalDiagram;
			sourceTree = "<group>";
		};
		8B8F58002BD6F02C00A1B4DB /* LogicalPathShape */ = {
			isa = PBXGroup;
			children = (
				8B8F58042BD6F02C00A1B4DB /* BoxConnectionStrategy */,
				8B8F58012BD6F02C00A1B4DB /* ShortestLogicalPathShape.swift */,
				8B8F58022BD6F02C00A1B4DB /* OrthogonalLogicalPathShape.swift */,
				8B8F58032BD6F02C00A1B4DB /* LogicalPathShape.swift */,
			);
			path = LogicalPathShape;
			sourceTree = "<group>";
		};
		8B8F58042BD6F02C00A1B4DB /* BoxConnectionStrategy */ = {
			isa = PBXGroup;
			children = (
				8B8F58052BD6F02C00A1B4DB /* BoxConnectionStrategy.swift */,
				8B8F58062BD6F02C00A1B4DB /* DirectionnalEdgeConnectionStrategy.swift */,
				8B8F58082BD6F02C00A1B4DB /* FacingEdgesConnectionStrategy.swift */,
				8B8F58072BD6F02C00A1B4DB /* ClosestEdgeConnectionStrategy.swift */,
			);
			path = BoxConnectionStrategy;
			sourceTree = "<group>";
		};
		8B8F58112BD6F0A600A1B4DB /* Helper */ = {
			isa = PBXGroup;
			children = (
				8B8F58122BD6F0A600A1B4DB /* CGRect+midpoint.swift */,
			);
			path = Helper;
			sourceTree = "<group>";
		};
		8BB312762BC4827F00471E0A = {
			isa = PBXGroup;
			children = (
				8B130B362BCF070100A06251 /* CoreDataPreview */,
				8BB312802BC4827F00471E0A /* Products */,
			);
			sourceTree = "<group>";
		};
		8BB312802BC4827F00471E0A /* Products */ = {
			isa = PBXGroup;
			children = (
				8B130B352BCF070100A06251 /* CoreDataPreview.app */,
			);
			name = Products;
			sourceTree = "<group>";
		};
/* End PBXGroup section */

/* Begin PBXNativeTarget section */
		8B130B342BCF070100A06251 /* CoreDataPreview */ = {
			isa = PBXNativeTarget;
			buildConfigurationList = 8B130B432BCF070200A06251 /* Build configuration list for PBXNativeTarget "CoreDataPreview" */;
			buildPhases = (
				8B130B312BCF070100A06251 /* Sources */,
				8B130B322BCF070100A06251 /* Frameworks */,
				8B130B332BCF070100A06251 /* Resources */,
			);
			buildRules = (
			);
			dependencies = (
			);
			name = CoreDataPreview;
			productName = CoreDataPreview;
			productReference = 8B130B352BCF070100A06251 /* CoreDataPreview.app */;
			productType = "com.apple.product-type.application";
		};
/* End PBXNativeTarget section */

/* Begin PBXProject section */
		8BB312772BC4827F00471E0A /* Project object */ = {
			isa = PBXProject;
			attributes = {
				BuildIndependentTargetsInParallel = 1;
				LastSwiftUpdateCheck = 1530;
				LastUpgradeCheck = 1530;
				TargetAttributes = {
					8B130B342BCF070100A06251 = {
						CreatedOnToolsVersion = 15.3;
					};
				};
			};
			buildConfigurationList = 8BB3127A2BC4827F00471E0A /* Build configuration list for PBXProject "SwiftDiagram" */;
			compatibilityVersion = "Xcode 14.0";
			developmentRegion = en;
			hasScannedForEncodings = 0;
			knownRegions = (
				en,
				Base,
			);
			mainGroup = 8BB312762BC4827F00471E0A;
			productRefGroup = 8BB312802BC4827F00471E0A /* Products */;
			projectDirPath = "";
			projectRoot = "";
			targets = (
				8B130B342BCF070100A06251 /* CoreDataPreview */,
			);
		};
/* End PBXProject section */

/* Begin PBXResourcesBuildPhase section */
		8B130B332BCF070100A06251 /* Resources */ = {
			isa = PBXResourcesBuildPhase;
			buildActionMask = 2147483647;
			files = (
				8B130B412BCF070200A06251 /* Preview Assets.xcassets in Resources */,
				8B130B3E2BCF070200A06251 /* Assets.xcassets in Resources */,
				8B978F442BD5697500E22E13 /* wthealth_preview_model in Resources */,
			);
			runOnlyForDeploymentPostprocessing = 0;
		};
/* End PBXResourcesBuildPhase section */

/* Begin PBXSourcesBuildPhase section */
		8B130B312BCF070100A06251 /* Sources */ = {
			isa = PBXSourcesBuildPhase;
			buildActionMask = 2147483647;
			files = (
				8B58E4572BDECEBC00484B41 /* WheelArrangement.swift in Sources */,
				8B8F58132BD6F0A600A1B4DB /* CGRect+midpoint.swift in Sources */,
				8B978F402BD5680600E22E13 /* XMLInspectorView.swift in Sources */,
				8B8F580C2BD6F02C00A1B4DB /* DirectionnalEdgeConnectionStrategy.swift in Sources */,
				8B130B492BCF1BEA00A06251 /* XcodeDataModelPackage.swift in Sources */,
				8B8F580A2BD6F02C00A1B4DB /* LogicalPathShape.swift in Sources */,
				8B978F472BD5741300E22E13 /* ObjectOfInterest.swift in Sources */,
				8B978F4B2BD5A94A00E22E13 /* XcodeDataModelPackageView.swift in Sources */,
				8B978F432BD5687800E22E13 /* XMLDocument+Preview.swift in Sources */,
				8B8F57FD2BD6EE3000A1B4DB /* XMLElementView.swift in Sources */,
				8B978F492BD5A72400E22E13 /* XcodeDataModelView.swift in Sources */,
				8B58E4532BDEBF9200484B41 /* ForestLayout.swift in Sources */,
				8B8F580F2BD6F02C00A1B4DB /* BoxConnectionStrategy.swift in Sources */,
				8B130B382BCF070100A06251 /* CoreDataPreviewApp.swift in Sources */,
				8B130B4D2BCF1D5100A06251 /* XcodeDataModelPackage+Preview.swift in Sources */,
				8B8F580E2BD6F02C00A1B4DB /* ClosestEdgeConnectionStrategy.swift in Sources */,
				8B130B3C2BCF070100A06251 /* VersionBrowser.swift in Sources */,
				8B58E4552BDEC86100484B41 /* EntityLayout.swift in Sources */,
				8B8F580D2BD6F02C00A1B4DB /* FacingEdgesConnectionStrategy.swift in Sources */,
				8B8F580B2BD6F02C00A1B4DB /* LogicalDiagram.swift in Sources */,
				8B8F58102BD6F02C00A1B4DB /* ShortestLogicalPathShape.swift in Sources */,
				8B58E4592BDED8C400484B41 /* MoveableModifier.swift in Sources */,
				8B8F58092BD6F02C00A1B4DB /* OrthogonalLogicalPathShape.swift in Sources */,
			);
			runOnlyForDeploymentPostprocessing = 0;
		};
/* End PBXSourcesBuildPhase section */

/* Begin XCBuildConfiguration section */
		8B130B442BCF070200A06251 /* Debug */ = {
			isa = XCBuildConfiguration;
			buildSettings = {
				ASSETCATALOG_COMPILER_APPICON_NAME = AppIcon;
				ASSETCATALOG_COMPILER_GLOBAL_ACCENT_COLOR_NAME = AccentColor;
				CODE_SIGN_STYLE = Automatic;
				CURRENT_PROJECT_VERSION = 1;
				DEVELOPMENT_ASSET_PATHS = "\"CoreDataPreview/Preview Content\"";
				DEVELOPMENT_TEAM = 74FN7S67RS;
				ENABLE_PREVIEWS = YES;
				GENERATE_INFOPLIST_FILE = YES;
				INFOPLIST_FILE = CoreDataPreview/Info.plist;
				INFOPLIST_KEY_CFBundleDisplayName = "Core Data Provider";
				INFOPLIST_KEY_LSApplicationCategoryType = "public.app-category.developer-tools";
				INFOPLIST_KEY_UIApplicationSceneManifest_Generation = YES;
				INFOPLIST_KEY_UIApplicationSupportsIndirectInputEvents = YES;
				INFOPLIST_KEY_UILaunchScreen_Generation = YES;
				INFOPLIST_KEY_UISupportedInterfaceOrientations_iPad = "UIInterfaceOrientationPortrait UIInterfaceOrientationPortraitUpsideDown UIInterfaceOrientationLandscapeLeft UIInterfaceOrientationLandscapeRight";
				INFOPLIST_KEY_UISupportedInterfaceOrientations_iPhone = "UIInterfaceOrientationPortrait UIInterfaceOrientationLandscapeLeft UIInterfaceOrientationLandscapeRight";
				INFOPLIST_KEY_UISupportsDocumentBrowser = YES;
				IPHONEOS_DEPLOYMENT_TARGET = 17.4;
				LD_RUNPATH_SEARCH_PATHS = (
					"$(inherited)",
					"@executable_path/Frameworks",
				);
				MACOSX_DEPLOYMENT_TARGET = 14.3;
				MARKETING_VERSION = 1.0;
				PRODUCT_BUNDLE_IDENTIFIER = com.piergabory.CoreDataPreview;
				PRODUCT_NAME = "$(TARGET_NAME)";
				SDKROOT = iphoneos;
				SUPPORTED_PLATFORMS = "iphoneos iphonesimulator macosx";
				SUPPORTS_MACCATALYST = NO;
				SUPPORTS_MAC_DESIGNED_FOR_IPHONE_IPAD = NO;
				SWIFT_EMIT_LOC_STRINGS = YES;
				SWIFT_VERSION = 5.0;
				TARGETED_DEVICE_FAMILY = "1,2";
			};
			name = Debug;
		};
		8B130B452BCF070200A06251 /* Release */ = {
			isa = XCBuildConfiguration;
			buildSettings = {
				ASSETCATALOG_COMPILER_APPICON_NAME = AppIcon;
				ASSETCATALOG_COMPILER_GLOBAL_ACCENT_COLOR_NAME = AccentColor;
				CODE_SIGN_STYLE = Automatic;
				CURRENT_PROJECT_VERSION = 1;
				DEVELOPMENT_ASSET_PATHS = "\"CoreDataPreview/Preview Content\"";
				DEVELOPMENT_TEAM = 74FN7S67RS;
				ENABLE_PREVIEWS = YES;
				GENERATE_INFOPLIST_FILE = YES;
				INFOPLIST_FILE = CoreDataPreview/Info.plist;
				INFOPLIST_KEY_CFBundleDisplayName = "Core Data Provider";
				INFOPLIST_KEY_LSApplicationCategoryType = "public.app-category.developer-tools";
				INFOPLIST_KEY_UIApplicationSceneManifest_Generation = YES;
				INFOPLIST_KEY_UIApplicationSupportsIndirectInputEvents = YES;
				INFOPLIST_KEY_UILaunchScreen_Generation = YES;
				INFOPLIST_KEY_UISupportedInterfaceOrientations_iPad = "UIInterfaceOrientationPortrait UIInterfaceOrientationPortraitUpsideDown UIInterfaceOrientationLandscapeLeft UIInterfaceOrientationLandscapeRight";
				INFOPLIST_KEY_UISupportedInterfaceOrientations_iPhone = "UIInterfaceOrientationPortrait UIInterfaceOrientationLandscapeLeft UIInterfaceOrientationLandscapeRight";
				INFOPLIST_KEY_UISupportsDocumentBrowser = YES;
				IPHONEOS_DEPLOYMENT_TARGET = 17.4;
				LD_RUNPATH_SEARCH_PATHS = (
					"$(inherited)",
					"@executable_path/Frameworks",
				);
				MACOSX_DEPLOYMENT_TARGET = 14.3;
				MARKETING_VERSION = 1.0;
				PRODUCT_BUNDLE_IDENTIFIER = com.piergabory.CoreDataPreview;
				PRODUCT_NAME = "$(TARGET_NAME)";
				SDKROOT = iphoneos;
				SUPPORTED_PLATFORMS = "iphoneos iphonesimulator macosx";
				SUPPORTS_MACCATALYST = NO;
				SUPPORTS_MAC_DESIGNED_FOR_IPHONE_IPAD = NO;
				SWIFT_EMIT_LOC_STRINGS = YES;
				SWIFT_VERSION = 5.0;
				TARGETED_DEVICE_FAMILY = "1,2";
				VALIDATE_PRODUCT = YES;
			};
			name = Release;
		};
		8BB3128C2BC4828100471E0A /* Debug */ = {
			isa = XCBuildConfiguration;
			buildSettings = {
				ALWAYS_SEARCH_USER_PATHS = NO;
				ASSETCATALOG_COMPILER_GENERATE_SWIFT_ASSET_SYMBOL_EXTENSIONS = YES;
				CLANG_ANALYZER_NONNULL = YES;
				CLANG_ANALYZER_NUMBER_OBJECT_CONVERSION = YES_AGGRESSIVE;
				CLANG_CXX_LANGUAGE_STANDARD = "gnu++20";
				CLANG_ENABLE_MODULES = YES;
				CLANG_ENABLE_OBJC_ARC = YES;
				CLANG_ENABLE_OBJC_WEAK = YES;
				CLANG_WARN_BLOCK_CAPTURE_AUTORELEASING = YES;
				CLANG_WARN_BOOL_CONVERSION = YES;
				CLANG_WARN_COMMA = YES;
				CLANG_WARN_CONSTANT_CONVERSION = YES;
				CLANG_WARN_DEPRECATED_OBJC_IMPLEMENTATIONS = YES;
				CLANG_WARN_DIRECT_OBJC_ISA_USAGE = YES_ERROR;
				CLANG_WARN_DOCUMENTATION_COMMENTS = YES;
				CLANG_WARN_EMPTY_BODY = YES;
				CLANG_WARN_ENUM_CONVERSION = YES;
				CLANG_WARN_INFINITE_RECURSION = YES;
				CLANG_WARN_INT_CONVERSION = YES;
				CLANG_WARN_NON_LITERAL_NULL_CONVERSION = YES;
				CLANG_WARN_OBJC_IMPLICIT_RETAIN_SELF = YES;
				CLANG_WARN_OBJC_LITERAL_CONVERSION = YES;
				CLANG_WARN_OBJC_ROOT_CLASS = YES_ERROR;
				CLANG_WARN_QUOTED_INCLUDE_IN_FRAMEWORK_HEADER = YES;
				CLANG_WARN_RANGE_LOOP_ANALYSIS = YES;
				CLANG_WARN_STRICT_PROTOTYPES = YES;
				CLANG_WARN_SUSPICIOUS_MOVE = YES;
				CLANG_WARN_UNGUARDED_AVAILABILITY = YES_AGGRESSIVE;
				CLANG_WARN_UNREACHABLE_CODE = YES;
				CLANG_WARN__DUPLICATE_METHOD_MATCH = YES;
				COPY_PHASE_STRIP = NO;
				DEBUG_INFORMATION_FORMAT = dwarf;
				ENABLE_STRICT_OBJC_MSGSEND = YES;
				ENABLE_TESTABILITY = YES;
				ENABLE_USER_SCRIPT_SANDBOXING = YES;
				GCC_C_LANGUAGE_STANDARD = gnu17;
				GCC_DYNAMIC_NO_PIC = NO;
				GCC_NO_COMMON_BLOCKS = YES;
				GCC_OPTIMIZATION_LEVEL = 0;
				GCC_PREPROCESSOR_DEFINITIONS = (
					"DEBUG=1",
					"$(inherited)",
				);
				GCC_WARN_64_TO_32_BIT_CONVERSION = YES;
				GCC_WARN_ABOUT_RETURN_TYPE = YES_ERROR;
				GCC_WARN_UNDECLARED_SELECTOR = YES;
				GCC_WARN_UNINITIALIZED_AUTOS = YES_AGGRESSIVE;
				GCC_WARN_UNUSED_FUNCTION = YES;
				GCC_WARN_UNUSED_VARIABLE = YES;
				LOCALIZATION_PREFERS_STRING_CATALOGS = YES;
				MTL_ENABLE_DEBUG_INFO = INCLUDE_SOURCE;
				MTL_FAST_MATH = YES;
				ONLY_ACTIVE_ARCH = YES;
				SWIFT_ACTIVE_COMPILATION_CONDITIONS = "DEBUG $(inherited)";
				SWIFT_OPTIMIZATION_LEVEL = "-Onone";
			};
			name = Debug;
		};
		8BB3128D2BC4828100471E0A /* Release */ = {
			isa = XCBuildConfiguration;
			buildSettings = {
				ALWAYS_SEARCH_USER_PATHS = NO;
				ASSETCATALOG_COMPILER_GENERATE_SWIFT_ASSET_SYMBOL_EXTENSIONS = YES;
				CLANG_ANALYZER_NONNULL = YES;
				CLANG_ANALYZER_NUMBER_OBJECT_CONVERSION = YES_AGGRESSIVE;
				CLANG_CXX_LANGUAGE_STANDARD = "gnu++20";
				CLANG_ENABLE_MODULES = YES;
				CLANG_ENABLE_OBJC_ARC = YES;
				CLANG_ENABLE_OBJC_WEAK = YES;
				CLANG_WARN_BLOCK_CAPTURE_AUTORELEASING = YES;
				CLANG_WARN_BOOL_CONVERSION = YES;
				CLANG_WARN_COMMA = YES;
				CLANG_WARN_CONSTANT_CONVERSION = YES;
				CLANG_WARN_DEPRECATED_OBJC_IMPLEMENTATIONS = YES;
				CLANG_WARN_DIRECT_OBJC_ISA_USAGE = YES_ERROR;
				CLANG_WARN_DOCUMENTATION_COMMENTS = YES;
				CLANG_WARN_EMPTY_BODY = YES;
				CLANG_WARN_ENUM_CONVERSION = YES;
				CLANG_WARN_INFINITE_RECURSION = YES;
				CLANG_WARN_INT_CONVERSION = YES;
				CLANG_WARN_NON_LITERAL_NULL_CONVERSION = YES;
				CLANG_WARN_OBJC_IMPLICIT_RETAIN_SELF = YES;
				CLANG_WARN_OBJC_LITERAL_CONVERSION = YES;
				CLANG_WARN_OBJC_ROOT_CLASS = YES_ERROR;
				CLANG_WARN_QUOTED_INCLUDE_IN_FRAMEWORK_HEADER = YES;
				CLANG_WARN_RANGE_LOOP_ANALYSIS = YES;
				CLANG_WARN_STRICT_PROTOTYPES = YES;
				CLANG_WARN_SUSPICIOUS_MOVE = YES;
				CLANG_WARN_UNGUARDED_AVAILABILITY = YES_AGGRESSIVE;
				CLANG_WARN_UNREACHABLE_CODE = YES;
				CLANG_WARN__DUPLICATE_METHOD_MATCH = YES;
				COPY_PHASE_STRIP = NO;
				DEBUG_INFORMATION_FORMAT = "dwarf-with-dsym";
				ENABLE_NS_ASSERTIONS = NO;
				ENABLE_STRICT_OBJC_MSGSEND = YES;
				ENABLE_USER_SCRIPT_SANDBOXING = YES;
				GCC_C_LANGUAGE_STANDARD = gnu17;
				GCC_NO_COMMON_BLOCKS = YES;
				GCC_WARN_64_TO_32_BIT_CONVERSION = YES;
				GCC_WARN_ABOUT_RETURN_TYPE = YES_ERROR;
				GCC_WARN_UNDECLARED_SELECTOR = YES;
				GCC_WARN_UNINITIALIZED_AUTOS = YES_AGGRESSIVE;
				GCC_WARN_UNUSED_FUNCTION = YES;
				GCC_WARN_UNUSED_VARIABLE = YES;
				LOCALIZATION_PREFERS_STRING_CATALOGS = YES;
				MTL_ENABLE_DEBUG_INFO = NO;
				MTL_FAST_MATH = YES;
				SWIFT_COMPILATION_MODE = wholemodule;
			};
			name = Release;
		};
/* End XCBuildConfiguration section */

/* Begin XCConfigurationList section */
		8B130B432BCF070200A06251 /* Build configuration list for PBXNativeTarget "CoreDataPreview" */ = {
			isa = XCConfigurationList;
			buildConfigurations = (
				8B130B442BCF070200A06251 /* Debug */,
				8B130B452BCF070200A06251 /* Release */,
			);
			defaultConfigurationIsVisible = 0;
			defaultConfigurationName = Release;
		};
		8BB3127A2BC4827F00471E0A /* Build configuration list for PBXProject "SwiftDiagram" */ = {
			isa = XCConfigurationList;
			buildConfigurations = (
				8BB3128C2BC4828100471E0A /* Debug */,
				8BB3128D2BC4828100471E0A /* Release */,
			);
			defaultConfigurationIsVisible = 0;
			defaultConfigurationName = Release;
		};
/* End XCConfigurationList section */

/* Begin XCVersionGroup section */
		8B130B462BCF075100A06251 /* WTHealth.xcdatamodeld */ = {
			isa = XCVersionGroup;
			children = (
				8B130B472BCF075100A06251 /* WTHealth.xcdatamodel */,
			);
			currentVersion = 8B130B472BCF075100A06251 /* WTHealth.xcdatamodel */;
			name = WTHealth.xcdatamodeld;
			path = "/Users/pgabory/Developer/SwiftDiagram/CoreDataPreview/Preview Content/WTHealth.xcdatamodeld";
			sourceTree = "<group>";
			versionGroupType = wrapper.xcdatamodel;
		};
/* End XCVersionGroup section */
	};
	rootObject = 8BB312772BC4827F00471E0A /* Project object */;
}
